// !$*UTF8*$!
{
	archiveVersion = 1;
	classes = {
	};
	objectVersion = 55;
	objects = {

/* Begin PBXBuildFile section */
		0E7FDCC05F2FC1303034168E /* Pods_XiaoweHealthyTests.framework in Frameworks */ = {isa = PBXBuildFile; fileRef = C24BBC7C44348E71CC065B15 /* Pods_XiaoweHealthyTests.framework */; };
		4CF26601F584F2CD1F7E4FAA /* Pods_XiaoweHealthy_XiaoweHealthyUITests.framework in Frameworks */ = {isa = PBXBuildFile; fileRef = F259963E5DB67A1A5D3C45EC /* Pods_XiaoweHealthy_XiaoweHealthyUITests.framework */; };
		8CBF5AE85A9444D903AE1BC2 /* Pods_XiaoweHealthy.framework in Frameworks */ = {isa = PBXBuildFile; fileRef = DF4A353C734F593A2D13B536 /* Pods_XiaoweHealthy.framework */; };
		9648E60F27E0796D0077180D /* AppDelegate.swift in Sources */ = {isa = PBXBuildFile; fileRef = 9648E60E27E0796D0077180D /* AppDelegate.swift */; };
		9648E61127E0796D0077180D /* SceneDelegate.swift in Sources */ = {isa = PBXBuildFile; fileRef = 9648E61027E0796D0077180D /* SceneDelegate.swift */; };
		9648E61327E0796D0077180D /* ViewController.swift in Sources */ = {isa = PBXBuildFile; fileRef = 9648E61227E0796D0077180D /* ViewController.swift */; };
		9648E61627E0796D0077180D /* Main.storyboard in Resources */ = {isa = PBXBuildFile; fileRef = 9648E61427E0796D0077180D /* Main.storyboard */; };
		9648E61827E0796E0077180D /* Assets.xcassets in Resources */ = {isa = PBXBuildFile; fileRef = 9648E61727E0796E0077180D /* Assets.xcassets */; };
		9648E61B27E0796E0077180D /* LaunchScreen.storyboard in Resources */ = {isa = PBXBuildFile; fileRef = 9648E61927E0796E0077180D /* LaunchScreen.storyboard */; };
		9648E62627E0796E0077180D /* XiaoweHealthyTests.swift in Sources */ = {isa = PBXBuildFile; fileRef = 9648E62527E0796E0077180D /* XiaoweHealthyTests.swift */; };
		9648E63027E0796E0077180D /* XiaoweHealthyUITests.swift in Sources */ = {isa = PBXBuildFile; fileRef = 9648E62F27E0796E0077180D /* XiaoweHealthyUITests.swift */; };
		9648E63227E0796E0077180D /* XiaoweHealthyUITestsLaunchTests.swift in Sources */ = {isa = PBXBuildFile; fileRef = 9648E63127E0796E0077180D /* XiaoweHealthyUITestsLaunchTests.swift */; };
		96E23C0A27E1898C009EF208 /* XWHTabBarVC.swift in Sources */ = {isa = PBXBuildFile; fileRef = 96E23C0927E1898C009EF208 /* XWHTabBarVC.swift */; };
		96E23C0C27E18A19009EF208 /* XWHRootVCProvider.swift in Sources */ = {isa = PBXBuildFile; fileRef = 96E23C0B27E18A19009EF208 /* XWHRootVCProvider.swift */; };
		96E23C1427E18D19009EF208 /* XWHDisplayText.strings in Resources */ = {isa = PBXBuildFile; fileRef = 96E23C1627E18D19009EF208 /* XWHDisplayText.strings */; };
		96E23C2027E1A22C009EF208 /* R.generated.swift in Sources */ = {isa = PBXBuildFile; fileRef = 96E23C1F27E1A22C009EF208 /* R.generated.swift */; };
		96E23C2827E1A53F009EF208 /* XWHSportMainVC.swift in Sources */ = {isa = PBXBuildFile; fileRef = 96E23C2727E1A53F009EF208 /* XWHSportMainVC.swift */; };
		96E23C2A27E1A55E009EF208 /* XWHHealthyMainVC.swift in Sources */ = {isa = PBXBuildFile; fileRef = 96E23C2927E1A55E009EF208 /* XWHHealthyMainVC.swift */; };
		96E23C2C27E1A579009EF208 /* XWHDeviceMainVC.swift in Sources */ = {isa = PBXBuildFile; fileRef = 96E23C2B27E1A579009EF208 /* XWHDeviceMainVC.swift */; };
		96E23C2E27E1A586009EF208 /* XWHMeMainVC.swift in Sources */ = {isa = PBXBuildFile; fileRef = 96E23C2D27E1A586009EF208 /* XWHMeMainVC.swift */; };
/* End PBXBuildFile section */

/* Begin PBXContainerItemProxy section */
		9648E62227E0796E0077180D /* PBXContainerItemProxy */ = {
			isa = PBXContainerItemProxy;
			containerPortal = 9648E60327E0796D0077180D /* Project object */;
			proxyType = 1;
			remoteGlobalIDString = 9648E60A27E0796D0077180D;
			remoteInfo = XiaoweHealthy;
		};
		9648E62C27E0796E0077180D /* PBXContainerItemProxy */ = {
			isa = PBXContainerItemProxy;
			containerPortal = 9648E60327E0796D0077180D /* Project object */;
			proxyType = 1;
			remoteGlobalIDString = 9648E60A27E0796D0077180D;
			remoteInfo = XiaoweHealthy;
		};
/* End PBXContainerItemProxy section */

/* Begin PBXFileReference section */
		10BCB88FCC09CE0210B07343 /* Pods-XiaoweHealthy.debug.xcconfig */ = {isa = PBXFileReference; includeInIndex = 1; lastKnownFileType = text.xcconfig; name = "Pods-XiaoweHealthy.debug.xcconfig"; path = "Target Support Files/Pods-XiaoweHealthy/Pods-XiaoweHealthy.debug.xcconfig"; sourceTree = "<group>"; };
		346308B1738C6E3283C6DDAB /* Pods-XiaoweHealthyTests.debug.xcconfig */ = {isa = PBXFileReference; includeInIndex = 1; lastKnownFileType = text.xcconfig; name = "Pods-XiaoweHealthyTests.debug.xcconfig"; path = "Target Support Files/Pods-XiaoweHealthyTests/Pods-XiaoweHealthyTests.debug.xcconfig"; sourceTree = "<group>"; };
		7B56A4371E144F6BDF14AD52 /* Pods-XiaoweHealthy-XiaoweHealthyUITests.release.xcconfig */ = {isa = PBXFileReference; includeInIndex = 1; lastKnownFileType = text.xcconfig; name = "Pods-XiaoweHealthy-XiaoweHealthyUITests.release.xcconfig"; path = "Target Support Files/Pods-XiaoweHealthy-XiaoweHealthyUITests/Pods-XiaoweHealthy-XiaoweHealthyUITests.release.xcconfig"; sourceTree = "<group>"; };
		95FEB00539882EA5F45C9693 /* Pods-XiaoweHealthyTests.release.xcconfig */ = {isa = PBXFileReference; includeInIndex = 1; lastKnownFileType = text.xcconfig; name = "Pods-XiaoweHealthyTests.release.xcconfig"; path = "Target Support Files/Pods-XiaoweHealthyTests/Pods-XiaoweHealthyTests.release.xcconfig"; sourceTree = "<group>"; };
		9648E60B27E0796D0077180D /* XiaoweHealthy.app */ = {isa = PBXFileReference; explicitFileType = wrapper.application; includeInIndex = 0; path = XiaoweHealthy.app; sourceTree = BUILT_PRODUCTS_DIR; };
		9648E60E27E0796D0077180D /* AppDelegate.swift */ = {isa = PBXFileReference; lastKnownFileType = sourcecode.swift; path = AppDelegate.swift; sourceTree = "<group>"; };
		9648E61027E0796D0077180D /* SceneDelegate.swift */ = {isa = PBXFileReference; lastKnownFileType = sourcecode.swift; path = SceneDelegate.swift; sourceTree = "<group>"; };
		9648E61227E0796D0077180D /* ViewController.swift */ = {isa = PBXFileReference; lastKnownFileType = sourcecode.swift; path = ViewController.swift; sourceTree = "<group>"; };
		9648E61527E0796D0077180D /* Base */ = {isa = PBXFileReference; lastKnownFileType = file.storyboard; name = Base; path = Base.lproj/Main.storyboard; sourceTree = "<group>"; };
		9648E61727E0796E0077180D /* Assets.xcassets */ = {isa = PBXFileReference; lastKnownFileType = folder.assetcatalog; path = Assets.xcassets; sourceTree = "<group>"; };
		9648E61A27E0796E0077180D /* Base */ = {isa = PBXFileReference; lastKnownFileType = file.storyboard; name = Base; path = Base.lproj/LaunchScreen.storyboard; sourceTree = "<group>"; };
		9648E61C27E0796E0077180D /* Info.plist */ = {isa = PBXFileReference; lastKnownFileType = text.plist.xml; path = Info.plist; sourceTree = "<group>"; };
		9648E62127E0796E0077180D /* XiaoweHealthyTests.xctest */ = {isa = PBXFileReference; explicitFileType = wrapper.cfbundle; includeInIndex = 0; path = XiaoweHealthyTests.xctest; sourceTree = BUILT_PRODUCTS_DIR; };
		9648E62527E0796E0077180D /* XiaoweHealthyTests.swift */ = {isa = PBXFileReference; lastKnownFileType = sourcecode.swift; path = XiaoweHealthyTests.swift; sourceTree = "<group>"; };
		9648E62B27E0796E0077180D /* XiaoweHealthyUITests.xctest */ = {isa = PBXFileReference; explicitFileType = wrapper.cfbundle; includeInIndex = 0; path = XiaoweHealthyUITests.xctest; sourceTree = BUILT_PRODUCTS_DIR; };
		9648E62F27E0796E0077180D /* XiaoweHealthyUITests.swift */ = {isa = PBXFileReference; lastKnownFileType = sourcecode.swift; path = XiaoweHealthyUITests.swift; sourceTree = "<group>"; };
		9648E63127E0796E0077180D /* XiaoweHealthyUITestsLaunchTests.swift */ = {isa = PBXFileReference; lastKnownFileType = sourcecode.swift; path = XiaoweHealthyUITestsLaunchTests.swift; sourceTree = "<group>"; };
		96E23C0927E1898C009EF208 /* XWHTabBarVC.swift */ = {isa = PBXFileReference; lastKnownFileType = sourcecode.swift; path = XWHTabBarVC.swift; sourceTree = "<group>"; };
		96E23C0B27E18A19009EF208 /* XWHRootVCProvider.swift */ = {isa = PBXFileReference; lastKnownFileType = sourcecode.swift; path = XWHRootVCProvider.swift; sourceTree = "<group>"; };
		96E23C1727E18D9C009EF208 /* zh-Hans */ = {isa = PBXFileReference; lastKnownFileType = text.plist.strings; name = "zh-Hans"; path = "zh-Hans.lproj/XWHDisplayText.strings"; sourceTree = "<group>"; };
		96E23C1F27E1A22C009EF208 /* R.generated.swift */ = {isa = PBXFileReference; fileEncoding = 4; lastKnownFileType = sourcecode.swift; path = R.generated.swift; sourceTree = SOURCE_ROOT; };
		96E23C2727E1A53F009EF208 /* XWHSportMainVC.swift */ = {isa = PBXFileReference; lastKnownFileType = sourcecode.swift; path = XWHSportMainVC.swift; sourceTree = "<group>"; };
		96E23C2927E1A55E009EF208 /* XWHHealthyMainVC.swift */ = {isa = PBXFileReference; lastKnownFileType = sourcecode.swift; path = XWHHealthyMainVC.swift; sourceTree = "<group>"; };
		96E23C2B27E1A579009EF208 /* XWHDeviceMainVC.swift */ = {isa = PBXFileReference; lastKnownFileType = sourcecode.swift; path = XWHDeviceMainVC.swift; sourceTree = "<group>"; };
		96E23C2D27E1A586009EF208 /* XWHMeMainVC.swift */ = {isa = PBXFileReference; lastKnownFileType = sourcecode.swift; path = XWHMeMainVC.swift; sourceTree = "<group>"; };
		9E36C9C5C621D98412D2473D /* Pods-XiaoweHealthy-XiaoweHealthyUITests.debug.xcconfig */ = {isa = PBXFileReference; includeInIndex = 1; lastKnownFileType = text.xcconfig; name = "Pods-XiaoweHealthy-XiaoweHealthyUITests.debug.xcconfig"; path = "Target Support Files/Pods-XiaoweHealthy-XiaoweHealthyUITests/Pods-XiaoweHealthy-XiaoweHealthyUITests.debug.xcconfig"; sourceTree = "<group>"; };
		C24BBC7C44348E71CC065B15 /* Pods_XiaoweHealthyTests.framework */ = {isa = PBXFileReference; explicitFileType = wrapper.framework; includeInIndex = 0; path = Pods_XiaoweHealthyTests.framework; sourceTree = BUILT_PRODUCTS_DIR; };
		DF4A353C734F593A2D13B536 /* Pods_XiaoweHealthy.framework */ = {isa = PBXFileReference; explicitFileType = wrapper.framework; includeInIndex = 0; path = Pods_XiaoweHealthy.framework; sourceTree = BUILT_PRODUCTS_DIR; };
		EBD2D55E66B35CFCDB68E198 /* Pods-XiaoweHealthy.release.xcconfig */ = {isa = PBXFileReference; includeInIndex = 1; lastKnownFileType = text.xcconfig; name = "Pods-XiaoweHealthy.release.xcconfig"; path = "Target Support Files/Pods-XiaoweHealthy/Pods-XiaoweHealthy.release.xcconfig"; sourceTree = "<group>"; };
		F259963E5DB67A1A5D3C45EC /* Pods_XiaoweHealthy_XiaoweHealthyUITests.framework */ = {isa = PBXFileReference; explicitFileType = wrapper.framework; includeInIndex = 0; path = Pods_XiaoweHealthy_XiaoweHealthyUITests.framework; sourceTree = BUILT_PRODUCTS_DIR; };
/* End PBXFileReference section */

/* Begin PBXFrameworksBuildPhase section */
		9648E60827E0796D0077180D /* Frameworks */ = {
			isa = PBXFrameworksBuildPhase;
			buildActionMask = 2147483647;
			files = (
				8CBF5AE85A9444D903AE1BC2 /* Pods_XiaoweHealthy.framework in Frameworks */,
			);
			runOnlyForDeploymentPostprocessing = 0;
		};
		9648E61E27E0796E0077180D /* Frameworks */ = {
			isa = PBXFrameworksBuildPhase;
			buildActionMask = 2147483647;
			files = (
				0E7FDCC05F2FC1303034168E /* Pods_XiaoweHealthyTests.framework in Frameworks */,
			);
			runOnlyForDeploymentPostprocessing = 0;
		};
		9648E62827E0796E0077180D /* Frameworks */ = {
			isa = PBXFrameworksBuildPhase;
			buildActionMask = 2147483647;
			files = (
				4CF26601F584F2CD1F7E4FAA /* Pods_XiaoweHealthy_XiaoweHealthyUITests.framework in Frameworks */,
			);
			runOnlyForDeploymentPostprocessing = 0;
		};
/* End PBXFrameworksBuildPhase section */

/* Begin PBXGroup section */
		29D16E192BF1ADC5C581DEA8 /* Pods */ = {
			isa = PBXGroup;
			children = (
				10BCB88FCC09CE0210B07343 /* Pods-XiaoweHealthy.debug.xcconfig */,
				EBD2D55E66B35CFCDB68E198 /* Pods-XiaoweHealthy.release.xcconfig */,
				9E36C9C5C621D98412D2473D /* Pods-XiaoweHealthy-XiaoweHealthyUITests.debug.xcconfig */,
				7B56A4371E144F6BDF14AD52 /* Pods-XiaoweHealthy-XiaoweHealthyUITests.release.xcconfig */,
				346308B1738C6E3283C6DDAB /* Pods-XiaoweHealthyTests.debug.xcconfig */,
				95FEB00539882EA5F45C9693 /* Pods-XiaoweHealthyTests.release.xcconfig */,
			);
			path = Pods;
			sourceTree = "<group>";
		};
		9648E60227E0796D0077180D = {
			isa = PBXGroup;
			children = (
				9648E60D27E0796D0077180D /* XiaoweHealthy */,
				9648E62427E0796E0077180D /* XiaoweHealthyTests */,
				9648E62E27E0796E0077180D /* XiaoweHealthyUITests */,
				9648E60C27E0796D0077180D /* Products */,
				29D16E192BF1ADC5C581DEA8 /* Pods */,
				F13397529419217181216C7B /* Frameworks */,
			);
			sourceTree = "<group>";
		};
		9648E60C27E0796D0077180D /* Products */ = {
			isa = PBXGroup;
			children = (
				9648E60B27E0796D0077180D /* XiaoweHealthy.app */,
				9648E62127E0796E0077180D /* XiaoweHealthyTests.xctest */,
				9648E62B27E0796E0077180D /* XiaoweHealthyUITests.xctest */,
			);
			name = Products;
			sourceTree = "<group>";
		};
		9648E60D27E0796D0077180D /* XiaoweHealthy */ = {
			isa = PBXGroup;
			children = (
				96E23C2127E1A311009EF208 /* Healthy */,
				96E23C2227E1A322009EF208 /* Sport */,
				96E23C2327E1A32F009EF208 /* Device */,
				96E23C2427E1A33E009EF208 /* Me */,
				96E23C0827E18947009EF208 /* RootVC */,
				96E23C0627E18003009EF208 /* AppEntry */,
				96E23C0727E1839B009EF208 /* Resource */,
			);
			path = XiaoweHealthy;
			sourceTree = "<group>";
		};
		9648E62427E0796E0077180D /* XiaoweHealthyTests */ = {
			isa = PBXGroup;
			children = (
				9648E62527E0796E0077180D /* XiaoweHealthyTests.swift */,
			);
			path = XiaoweHealthyTests;
			sourceTree = "<group>";
		};
		9648E62E27E0796E0077180D /* XiaoweHealthyUITests */ = {
			isa = PBXGroup;
			children = (
				9648E62F27E0796E0077180D /* XiaoweHealthyUITests.swift */,
				9648E63127E0796E0077180D /* XiaoweHealthyUITestsLaunchTests.swift */,
			);
			path = XiaoweHealthyUITests;
			sourceTree = "<group>";
		};
		96E23C0627E18003009EF208 /* AppEntry */ = {
			isa = PBXGroup;
			children = (
				9648E60E27E0796D0077180D /* AppDelegate.swift */,
				9648E61027E0796D0077180D /* SceneDelegate.swift */,
				9648E61227E0796D0077180D /* ViewController.swift */,
			);
			path = AppEntry;
			sourceTree = "<group>";
		};
		96E23C0727E1839B009EF208 /* Resource */ = {
			isa = PBXGroup;
			children = (
				96E23C0D27E18B95009EF208 /* LocalString */,
				9648E61427E0796D0077180D /* Main.storyboard */,
				9648E61727E0796E0077180D /* Assets.xcassets */,
				9648E61927E0796E0077180D /* LaunchScreen.storyboard */,
				9648E61C27E0796E0077180D /* Info.plist */,
				96E23C1F27E1A22C009EF208 /* R.generated.swift */,
			);
			name = Resource;
			sourceTree = "<group>";
		};
		96E23C0827E18947009EF208 /* RootVC */ = {
			isa = PBXGroup;
			children = (
				96E23C0927E1898C009EF208 /* XWHTabBarVC.swift */,
				96E23C0B27E18A19009EF208 /* XWHRootVCProvider.swift */,
			);
			path = RootVC;
			sourceTree = "<group>";
		};
		96E23C0D27E18B95009EF208 /* LocalString */ = {
			isa = PBXGroup;
			children = (
				96E23C1627E18D19009EF208 /* XWHDisplayText.strings */,
			);
			path = LocalString;
			sourceTree = "<group>";
		};
		96E23C2127E1A311009EF208 /* Healthy */ = {
			isa = PBXGroup;
			children = (
				96E23C2927E1A55E009EF208 /* XWHHealthyMainVC.swift */,
			);
			path = Healthy;
			sourceTree = "<group>";
		};
		96E23C2227E1A322009EF208 /* Sport */ = {
			isa = PBXGroup;
			children = (
				96E23C2727E1A53F009EF208 /* XWHSportMainVC.swift */,
			);
			path = Sport;
			sourceTree = "<group>";
		};
		96E23C2327E1A32F009EF208 /* Device */ = {
			isa = PBXGroup;
			children = (
				96E23C2B27E1A579009EF208 /* XWHDeviceMainVC.swift */,
			);
			path = Device;
			sourceTree = "<group>";
		};
		96E23C2427E1A33E009EF208 /* Me */ = {
			isa = PBXGroup;
			children = (
				96E23C2D27E1A586009EF208 /* XWHMeMainVC.swift */,
			);
			path = Me;
			sourceTree = "<group>";
		};
		F13397529419217181216C7B /* Frameworks */ = {
			isa = PBXGroup;
			children = (
				DF4A353C734F593A2D13B536 /* Pods_XiaoweHealthy.framework */,
				F259963E5DB67A1A5D3C45EC /* Pods_XiaoweHealthy_XiaoweHealthyUITests.framework */,
				C24BBC7C44348E71CC065B15 /* Pods_XiaoweHealthyTests.framework */,
			);
			name = Frameworks;
			sourceTree = "<group>";
		};
/* End PBXGroup section */

/* Begin PBXNativeTarget section */
		9648E60A27E0796D0077180D /* XiaoweHealthy */ = {
			isa = PBXNativeTarget;
			buildConfigurationList = 9648E63527E0796E0077180D /* Build configuration list for PBXNativeTarget "XiaoweHealthy" */;
			buildPhases = (
				871CF27A891C72F2E00923BC /* [CP] Check Pods Manifest.lock */,
				96E23C1A27E190FE009EF208 /* ShellScript */,
				9648E60727E0796D0077180D /* Sources */,
				9648E60827E0796D0077180D /* Frameworks */,
				9648E60927E0796D0077180D /* Resources */,
				6DF382B1887CDDC17B7529BF /* [CP] Embed Pods Frameworks */,
			);
			buildRules = (
			);
			dependencies = (
			);
			name = XiaoweHealthy;
			productName = XiaoweHealthy;
			productReference = 9648E60B27E0796D0077180D /* XiaoweHealthy.app */;
			productType = "com.apple.product-type.application";
		};
		9648E62027E0796E0077180D /* XiaoweHealthyTests */ = {
			isa = PBXNativeTarget;
			buildConfigurationList = 9648E63827E0796E0077180D /* Build configuration list for PBXNativeTarget "XiaoweHealthyTests" */;
			buildPhases = (
				57D17BBDBC18858CE8C7D30D /* [CP] Check Pods Manifest.lock */,
				9648E61D27E0796E0077180D /* Sources */,
				9648E61E27E0796E0077180D /* Frameworks */,
				9648E61F27E0796E0077180D /* Resources */,
			);
			buildRules = (
			);
			dependencies = (
				9648E62327E0796E0077180D /* PBXTargetDependency */,
			);
			name = XiaoweHealthyTests;
			productName = XiaoweHealthyTests;
			productReference = 9648E62127E0796E0077180D /* XiaoweHealthyTests.xctest */;
			productType = "com.apple.product-type.bundle.unit-test";
		};
		9648E62A27E0796E0077180D /* XiaoweHealthyUITests */ = {
			isa = PBXNativeTarget;
			buildConfigurationList = 9648E63B27E0796E0077180D /* Build configuration list for PBXNativeTarget "XiaoweHealthyUITests" */;
			buildPhases = (
				DFC72A3B4CC60E6E5072DAA3 /* [CP] Check Pods Manifest.lock */,
				9648E62727E0796E0077180D /* Sources */,
				9648E62827E0796E0077180D /* Frameworks */,
				9648E62927E0796E0077180D /* Resources */,
				671BB858A12104FA670784F0 /* [CP] Embed Pods Frameworks */,
			);
			buildRules = (
			);
			dependencies = (
				9648E62D27E0796E0077180D /* PBXTargetDependency */,
			);
			name = XiaoweHealthyUITests;
			productName = XiaoweHealthyUITests;
			productReference = 9648E62B27E0796E0077180D /* XiaoweHealthyUITests.xctest */;
			productType = "com.apple.product-type.bundle.ui-testing";
		};
/* End PBXNativeTarget section */

/* Begin PBXProject section */
		9648E60327E0796D0077180D /* Project object */ = {
			isa = PBXProject;
			attributes = {
				BuildIndependentTargetsInParallel = 1;
				LastSwiftUpdateCheck = 1320;
				LastUpgradeCheck = 1320;
				TargetAttributes = {
					9648E60A27E0796D0077180D = {
						CreatedOnToolsVersion = 13.2.1;
					};
					9648E62027E0796E0077180D = {
						CreatedOnToolsVersion = 13.2.1;
						TestTargetID = 9648E60A27E0796D0077180D;
					};
					9648E62A27E0796E0077180D = {
						CreatedOnToolsVersion = 13.2.1;
						TestTargetID = 9648E60A27E0796D0077180D;
					};
				};
			};
			buildConfigurationList = 9648E60627E0796D0077180D /* Build configuration list for PBXProject "XiaoweHealthy" */;
			compatibilityVersion = "Xcode 13.0";
			developmentRegion = en;
			hasScannedForEncodings = 0;
			knownRegions = (
				en,
				Base,
				"zh-Hans",
			);
			mainGroup = 9648E60227E0796D0077180D;
			productRefGroup = 9648E60C27E0796D0077180D /* Products */;
			projectDirPath = "";
			projectRoot = "";
			targets = (
				9648E60A27E0796D0077180D /* XiaoweHealthy */,
				9648E62027E0796E0077180D /* XiaoweHealthyTests */,
				9648E62A27E0796E0077180D /* XiaoweHealthyUITests */,
			);
		};
/* End PBXProject section */

/* Begin PBXResourcesBuildPhase section */
		9648E60927E0796D0077180D /* Resources */ = {
			isa = PBXResourcesBuildPhase;
			buildActionMask = 2147483647;
			files = (
				96E23C1427E18D19009EF208 /* XWHDisplayText.strings in Resources */,
				9648E61B27E0796E0077180D /* LaunchScreen.storyboard in Resources */,
				9648E61827E0796E0077180D /* Assets.xcassets in Resources */,
				9648E61627E0796D0077180D /* Main.storyboard in Resources */,
			);
			runOnlyForDeploymentPostprocessing = 0;
		};
		9648E61F27E0796E0077180D /* Resources */ = {
			isa = PBXResourcesBuildPhase;
			buildActionMask = 2147483647;
			files = (
			);
			runOnlyForDeploymentPostprocessing = 0;
		};
		9648E62927E0796E0077180D /* Resources */ = {
			isa = PBXResourcesBuildPhase;
			buildActionMask = 2147483647;
			files = (
			);
			runOnlyForDeploymentPostprocessing = 0;
		};
/* End PBXResourcesBuildPhase section */

/* Begin PBXShellScriptBuildPhase section */
		57D17BBDBC18858CE8C7D30D /* [CP] Check Pods Manifest.lock */ = {
			isa = PBXShellScriptBuildPhase;
			buildActionMask = 2147483647;
			files = (
			);
			inputFileListPaths = (
			);
			inputPaths = (
				"${PODS_PODFILE_DIR_PATH}/Podfile.lock",
				"${PODS_ROOT}/Manifest.lock",
			);
			name = "[CP] Check Pods Manifest.lock";
			outputFileListPaths = (
			);
			outputPaths = (
				"$(DERIVED_FILE_DIR)/Pods-XiaoweHealthyTests-checkManifestLockResult.txt",
			);
			runOnlyForDeploymentPostprocessing = 0;
			shellPath = /bin/sh;
			shellScript = "diff \"${PODS_PODFILE_DIR_PATH}/Podfile.lock\" \"${PODS_ROOT}/Manifest.lock\" > /dev/null\nif [ $? != 0 ] ; then\n    # print error to STDERR\n    echo \"error: The sandbox is not in sync with the Podfile.lock. Run 'pod install' or update your CocoaPods installation.\" >&2\n    exit 1\nfi\n# This output is used by Xcode 'outputs' to avoid re-running this script phase.\necho \"SUCCESS\" > \"${SCRIPT_OUTPUT_FILE_0}\"\n";
			showEnvVarsInLog = 0;
		};
		671BB858A12104FA670784F0 /* [CP] Embed Pods Frameworks */ = {
			isa = PBXShellScriptBuildPhase;
			buildActionMask = 2147483647;
			files = (
			);
			inputFileListPaths = (
				"${PODS_ROOT}/Target Support Files/Pods-XiaoweHealthy-XiaoweHealthyUITests/Pods-XiaoweHealthy-XiaoweHealthyUITests-frameworks-${CONFIGURATION}-input-files.xcfilelist",
			);
			name = "[CP] Embed Pods Frameworks";
			outputFileListPaths = (
				"${PODS_ROOT}/Target Support Files/Pods-XiaoweHealthy-XiaoweHealthyUITests/Pods-XiaoweHealthy-XiaoweHealthyUITests-frameworks-${CONFIGURATION}-output-files.xcfilelist",
			);
			runOnlyForDeploymentPostprocessing = 0;
			shellPath = /bin/sh;
			shellScript = "\"${PODS_ROOT}/Target Support Files/Pods-XiaoweHealthy-XiaoweHealthyUITests/Pods-XiaoweHealthy-XiaoweHealthyUITests-frameworks.sh\"\n";
			showEnvVarsInLog = 0;
		};
		6DF382B1887CDDC17B7529BF /* [CP] Embed Pods Frameworks */ = {
			isa = PBXShellScriptBuildPhase;
			buildActionMask = 2147483647;
			files = (
			);
			inputFileListPaths = (
				"${PODS_ROOT}/Target Support Files/Pods-XiaoweHealthy/Pods-XiaoweHealthy-frameworks-${CONFIGURATION}-input-files.xcfilelist",
			);
			name = "[CP] Embed Pods Frameworks";
			outputFileListPaths = (
				"${PODS_ROOT}/Target Support Files/Pods-XiaoweHealthy/Pods-XiaoweHealthy-frameworks-${CONFIGURATION}-output-files.xcfilelist",
			);
			runOnlyForDeploymentPostprocessing = 0;
			shellPath = /bin/sh;
			shellScript = "\"${PODS_ROOT}/Target Support Files/Pods-XiaoweHealthy/Pods-XiaoweHealthy-frameworks.sh\"\n";
			showEnvVarsInLog = 0;
		};
		871CF27A891C72F2E00923BC /* [CP] Check Pods Manifest.lock */ = {
			isa = PBXShellScriptBuildPhase;
			buildActionMask = 2147483647;
			files = (
			);
			inputFileListPaths = (
			);
			inputPaths = (
				"${PODS_PODFILE_DIR_PATH}/Podfile.lock",
				"${PODS_ROOT}/Manifest.lock",
			);
			name = "[CP] Check Pods Manifest.lock";
			outputFileListPaths = (
			);
			outputPaths = (
				"$(DERIVED_FILE_DIR)/Pods-XiaoweHealthy-checkManifestLockResult.txt",
			);
			runOnlyForDeploymentPostprocessing = 0;
			shellPath = /bin/sh;
			shellScript = "diff \"${PODS_PODFILE_DIR_PATH}/Podfile.lock\" \"${PODS_ROOT}/Manifest.lock\" > /dev/null\nif [ $? != 0 ] ; then\n    # print error to STDERR\n    echo \"error: The sandbox is not in sync with the Podfile.lock. Run 'pod install' or update your CocoaPods installation.\" >&2\n    exit 1\nfi\n# This output is used by Xcode 'outputs' to avoid re-running this script phase.\necho \"SUCCESS\" > \"${SCRIPT_OUTPUT_FILE_0}\"\n";
			showEnvVarsInLog = 0;
		};
		96E23C1A27E190FE009EF208 /* ShellScript */ = {
			isa = PBXShellScriptBuildPhase;
			alwaysOutOfDate = 1;
			buildActionMask = 2147483647;
			files = (
			);
			inputFileListPaths = (
			);
			inputPaths = (
			);
			outputFileListPaths = (
			);
			outputPaths = (
				$SRCROOT/R.generated.swift,
			);
			runOnlyForDeploymentPostprocessing = 0;
			shellPath = /bin/sh;
			shellScript = "\"$PODS_ROOT/R.swift/rswift\" generate \"$SRCROOT/R.generated.swift\"\n";
		};
		DFC72A3B4CC60E6E5072DAA3 /* [CP] Check Pods Manifest.lock */ = {
			isa = PBXShellScriptBuildPhase;
			buildActionMask = 2147483647;
			files = (
			);
			inputFileListPaths = (
			);
			inputPaths = (
				"${PODS_PODFILE_DIR_PATH}/Podfile.lock",
				"${PODS_ROOT}/Manifest.lock",
			);
			name = "[CP] Check Pods Manifest.lock";
			outputFileListPaths = (
			);
			outputPaths = (
				"$(DERIVED_FILE_DIR)/Pods-XiaoweHealthy-XiaoweHealthyUITests-checkManifestLockResult.txt",
			);
			runOnlyForDeploymentPostprocessing = 0;
			shellPath = /bin/sh;
			shellScript = "diff \"${PODS_PODFILE_DIR_PATH}/Podfile.lock\" \"${PODS_ROOT}/Manifest.lock\" > /dev/null\nif [ $? != 0 ] ; then\n    # print error to STDERR\n    echo \"error: The sandbox is not in sync with the Podfile.lock. Run 'pod install' or update your CocoaPods installation.\" >&2\n    exit 1\nfi\n# This output is used by Xcode 'outputs' to avoid re-running this script phase.\necho \"SUCCESS\" > \"${SCRIPT_OUTPUT_FILE_0}\"\n";
			showEnvVarsInLog = 0;
		};
/* End PBXShellScriptBuildPhase section */

/* Begin PBXSourcesBuildPhase section */
		9648E60727E0796D0077180D /* Sources */ = {
			isa = PBXSourcesBuildPhase;
			buildActionMask = 2147483647;
			files = (
				96E23C0A27E1898C009EF208 /* XWHTabBarVC.swift in Sources */,
				96E23C2C27E1A579009EF208 /* XWHDeviceMainVC.swift in Sources */,
				9648E61327E0796D0077180D /* ViewController.swift in Sources */,
				9648E60F27E0796D0077180D /* AppDelegate.swift in Sources */,
				96E23C2827E1A53F009EF208 /* XWHSportMainVC.swift in Sources */,
				96E23C2E27E1A586009EF208 /* XWHMeMainVC.swift in Sources */,
				9648E61127E0796D0077180D /* SceneDelegate.swift in Sources */,
				96E23C2A27E1A55E009EF208 /* XWHHealthyMainVC.swift in Sources */,
				96E23C0C27E18A19009EF208 /* XWHRootVCProvider.swift in Sources */,
				96E23C2027E1A22C009EF208 /* R.generated.swift in Sources */,
			);
			runOnlyForDeploymentPostprocessing = 0;
		};
		9648E61D27E0796E0077180D /* Sources */ = {
			isa = PBXSourcesBuildPhase;
			buildActionMask = 2147483647;
			files = (
				9648E62627E0796E0077180D /* XiaoweHealthyTests.swift in Sources */,
			);
			runOnlyForDeploymentPostprocessing = 0;
		};
		9648E62727E0796E0077180D /* Sources */ = {
			isa = PBXSourcesBuildPhase;
			buildActionMask = 2147483647;
			files = (
				9648E63027E0796E0077180D /* XiaoweHealthyUITests.swift in Sources */,
				9648E63227E0796E0077180D /* XiaoweHealthyUITestsLaunchTests.swift in Sources */,
			);
			runOnlyForDeploymentPostprocessing = 0;
		};
/* End PBXSourcesBuildPhase section */

/* Begin PBXTargetDependency section */
		9648E62327E0796E0077180D /* PBXTargetDependency */ = {
			isa = PBXTargetDependency;
			target = 9648E60A27E0796D0077180D /* XiaoweHealthy */;
			targetProxy = 9648E62227E0796E0077180D /* PBXContainerItemProxy */;
		};
		9648E62D27E0796E0077180D /* PBXTargetDependency */ = {
			isa = PBXTargetDependency;
			target = 9648E60A27E0796D0077180D /* XiaoweHealthy */;
			targetProxy = 9648E62C27E0796E0077180D /* PBXContainerItemProxy */;
		};
/* End PBXTargetDependency section */

/* Begin PBXVariantGroup section */
		9648E61427E0796D0077180D /* Main.storyboard */ = {
			isa = PBXVariantGroup;
			children = (
				9648E61527E0796D0077180D /* Base */,
			);
			name = Main.storyboard;
			sourceTree = "<group>";
		};
		9648E61927E0796E0077180D /* LaunchScreen.storyboard */ = {
			isa = PBXVariantGroup;
			children = (
				9648E61A27E0796E0077180D /* Base */,
			);
			name = LaunchScreen.storyboard;
			sourceTree = "<group>";
		};
		96E23C1627E18D19009EF208 /* XWHDisplayText.strings */ = {
			isa = PBXVariantGroup;
			children = (
				96E23C1727E18D9C009EF208 /* zh-Hans */,
			);
			name = XWHDisplayText.strings;
			sourceTree = "<group>";
		};
/* End PBXVariantGroup section */

/* Begin XCBuildConfiguration section */
		9648E63327E0796E0077180D /* Debug */ = {
			isa = XCBuildConfiguration;
			buildSettings = {
				ALWAYS_SEARCH_USER_PATHS = NO;
				CLANG_ANALYZER_LOCALIZABILITY_NONLOCALIZED = YES;
				CLANG_ANALYZER_NONNULL = YES;
				CLANG_ANALYZER_NUMBER_OBJECT_CONVERSION = YES_AGGRESSIVE;
				CLANG_CXX_LANGUAGE_STANDARD = "gnu++17";
				CLANG_CXX_LIBRARY = "libc++";
				CLANG_ENABLE_MODULES = YES;
				CLANG_ENABLE_OBJC_ARC = YES;
				CLANG_ENABLE_OBJC_WEAK = YES;
				CLANG_WARN_BLOCK_CAPTURE_AUTORELEASING = YES;
				CLANG_WARN_BOOL_CONVERSION = YES;
				CLANG_WARN_COMMA = YES;
				CLANG_WARN_CONSTANT_CONVERSION = YES;
				CLANG_WARN_DEPRECATED_OBJC_IMPLEMENTATIONS = YES;
				CLANG_WARN_DIRECT_OBJC_ISA_USAGE = YES_ERROR;
				CLANG_WARN_DOCUMENTATION_COMMENTS = YES;
				CLANG_WARN_EMPTY_BODY = YES;
				CLANG_WARN_ENUM_CONVERSION = YES;
				CLANG_WARN_INFINITE_RECURSION = YES;
				CLANG_WARN_INT_CONVERSION = YES;
				CLANG_WARN_NON_LITERAL_NULL_CONVERSION = YES;
				CLANG_WARN_OBJC_IMPLICIT_RETAIN_SELF = YES;
				CLANG_WARN_OBJC_LITERAL_CONVERSION = YES;
				CLANG_WARN_OBJC_ROOT_CLASS = YES_ERROR;
				CLANG_WARN_QUOTED_INCLUDE_IN_FRAMEWORK_HEADER = YES;
				CLANG_WARN_RANGE_LOOP_ANALYSIS = YES;
				CLANG_WARN_STRICT_PROTOTYPES = YES;
				CLANG_WARN_SUSPICIOUS_MOVE = YES;
				CLANG_WARN_UNGUARDED_AVAILABILITY = YES_AGGRESSIVE;
				CLANG_WARN_UNREACHABLE_CODE = YES;
				CLANG_WARN__DUPLICATE_METHOD_MATCH = YES;
				COPY_PHASE_STRIP = NO;
				DEBUG_INFORMATION_FORMAT = dwarf;
				ENABLE_STRICT_OBJC_MSGSEND = YES;
				ENABLE_TESTABILITY = YES;
				GCC_C_LANGUAGE_STANDARD = gnu11;
				GCC_DYNAMIC_NO_PIC = NO;
				GCC_NO_COMMON_BLOCKS = YES;
				GCC_OPTIMIZATION_LEVEL = 0;
				GCC_PREPROCESSOR_DEFINITIONS = (
					"DEBUG=1",
					"$(inherited)",
				);
				GCC_WARN_64_TO_32_BIT_CONVERSION = YES;
				GCC_WARN_ABOUT_RETURN_TYPE = YES_ERROR;
				GCC_WARN_UNDECLARED_SELECTOR = YES;
				GCC_WARN_UNINITIALIZED_AUTOS = YES_AGGRESSIVE;
				GCC_WARN_UNUSED_FUNCTION = YES;
				GCC_WARN_UNUSED_VARIABLE = YES;
				IPHONEOS_DEPLOYMENT_TARGET = 11.0;
				MTL_ENABLE_DEBUG_INFO = INCLUDE_SOURCE;
				MTL_FAST_MATH = YES;
				ONLY_ACTIVE_ARCH = YES;
				SDKROOT = iphoneos;
				SWIFT_ACTIVE_COMPILATION_CONDITIONS = DEBUG;
				SWIFT_OPTIMIZATION_LEVEL = "-Onone";
			};
			name = Debug;
		};
		9648E63427E0796E0077180D /* Release */ = {
			isa = XCBuildConfiguration;
			buildSettings = {
				ALWAYS_SEARCH_USER_PATHS = NO;
				CLANG_ANALYZER_LOCALIZABILITY_NONLOCALIZED = YES;
				CLANG_ANALYZER_NONNULL = YES;
				CLANG_ANALYZER_NUMBER_OBJECT_CONVERSION = YES_AGGRESSIVE;
				CLANG_CXX_LANGUAGE_STANDARD = "gnu++17";
				CLANG_CXX_LIBRARY = "libc++";
				CLANG_ENABLE_MODULES = YES;
				CLANG_ENABLE_OBJC_ARC = YES;
				CLANG_ENABLE_OBJC_WEAK = YES;
				CLANG_WARN_BLOCK_CAPTURE_AUTORELEASING = YES;
				CLANG_WARN_BOOL_CONVERSION = YES;
				CLANG_WARN_COMMA = YES;
				CLANG_WARN_CONSTANT_CONVERSION = YES;
				CLANG_WARN_DEPRECATED_OBJC_IMPLEMENTATIONS = YES;
				CLANG_WARN_DIRECT_OBJC_ISA_USAGE = YES_ERROR;
				CLANG_WARN_DOCUMENTATION_COMMENTS = YES;
				CLANG_WARN_EMPTY_BODY = YES;
				CLANG_WARN_ENUM_CONVERSION = YES;
				CLANG_WARN_INFINITE_RECURSION = YES;
				CLANG_WARN_INT_CONVERSION = YES;
				CLANG_WARN_NON_LITERAL_NULL_CONVERSION = YES;
				CLANG_WARN_OBJC_IMPLICIT_RETAIN_SELF = YES;
				CLANG_WARN_OBJC_LITERAL_CONVERSION = YES;
				CLANG_WARN_OBJC_ROOT_CLASS = YES_ERROR;
				CLANG_WARN_QUOTED_INCLUDE_IN_FRAMEWORK_HEADER = YES;
				CLANG_WARN_RANGE_LOOP_ANALYSIS = YES;
				CLANG_WARN_STRICT_PROTOTYPES = YES;
				CLANG_WARN_SUSPICIOUS_MOVE = YES;
				CLANG_WARN_UNGUARDED_AVAILABILITY = YES_AGGRESSIVE;
				CLANG_WARN_UNREACHABLE_CODE = YES;
				CLANG_WARN__DUPLICATE_METHOD_MATCH = YES;
				COPY_PHASE_STRIP = NO;
				DEBUG_INFORMATION_FORMAT = "dwarf-with-dsym";
				ENABLE_NS_ASSERTIONS = NO;
				ENABLE_STRICT_OBJC_MSGSEND = YES;
				GCC_C_LANGUAGE_STANDARD = gnu11;
				GCC_NO_COMMON_BLOCKS = YES;
				GCC_WARN_64_TO_32_BIT_CONVERSION = YES;
				GCC_WARN_ABOUT_RETURN_TYPE = YES_ERROR;
				GCC_WARN_UNDECLARED_SELECTOR = YES;
				GCC_WARN_UNINITIALIZED_AUTOS = YES_AGGRESSIVE;
				GCC_WARN_UNUSED_FUNCTION = YES;
				GCC_WARN_UNUSED_VARIABLE = YES;
				IPHONEOS_DEPLOYMENT_TARGET = 11.0;
				MTL_ENABLE_DEBUG_INFO = NO;
				MTL_FAST_MATH = YES;
				SDKROOT = iphoneos;
				SWIFT_COMPILATION_MODE = wholemodule;
				SWIFT_OPTIMIZATION_LEVEL = "-O";
				VALIDATE_PRODUCT = YES;
			};
			name = Release;
		};
		9648E63627E0796E0077180D /* Debug */ = {
			isa = XCBuildConfiguration;
			baseConfigurationReference = 10BCB88FCC09CE0210B07343 /* Pods-XiaoweHealthy.debug.xcconfig */;
			buildSettings = {
				ASSETCATALOG_COMPILER_APPICON_NAME = AppIcon;
				ASSETCATALOG_COMPILER_GLOBAL_ACCENT_COLOR_NAME = AccentColor;
				CODE_SIGN_STYLE = Automatic;
				CURRENT_PROJECT_VERSION = 1;
				GENERATE_INFOPLIST_FILE = YES;
				INFOPLIST_FILE = XiaoweHealthy/Info.plist;
				INFOPLIST_KEY_UIApplicationSupportsIndirectInputEvents = YES;
				INFOPLIST_KEY_UILaunchStoryboardName = LaunchScreen;
				INFOPLIST_KEY_UIMainStoryboardFile = Main;
				INFOPLIST_KEY_UISupportedInterfaceOrientations_iPad = "UIInterfaceOrientationPortrait UIInterfaceOrientationPortraitUpsideDown UIInterfaceOrientationLandscapeLeft UIInterfaceOrientationLandscapeRight";
				INFOPLIST_KEY_UISupportedInterfaceOrientations_iPhone = "UIInterfaceOrientationPortrait UIInterfaceOrientationLandscapeLeft UIInterfaceOrientationLandscapeRight";
				LD_RUNPATH_SEARCH_PATHS = (
					"$(inherited)",
					"@executable_path/Frameworks",
				);
				MARKETING_VERSION = 1.0;
				PRODUCT_BUNDLE_IDENTIFIER = cc.xiaowe.XiaoweHealthy;
				PRODUCT_NAME = "$(TARGET_NAME)";
				SWIFT_EMIT_LOC_STRINGS = YES;
				SWIFT_VERSION = 5.0;
				TARGETED_DEVICE_FAMILY = 1;
			};
			name = Debug;
		};
		9648E63727E0796E0077180D /* Release */ = {
			isa = XCBuildConfiguration;
			baseConfigurationReference = EBD2D55E66B35CFCDB68E198 /* Pods-XiaoweHealthy.release.xcconfig */;
			buildSettings = {
				ASSETCATALOG_COMPILER_APPICON_NAME = AppIcon;
				ASSETCATALOG_COMPILER_GLOBAL_ACCENT_COLOR_NAME = AccentColor;
				CODE_SIGN_STYLE = Automatic;
				CURRENT_PROJECT_VERSION = 1;
				GENERATE_INFOPLIST_FILE = YES;
				INFOPLIST_FILE = XiaoweHealthy/Info.plist;
				INFOPLIST_KEY_UIApplicationSupportsIndirectInputEvents = YES;
				INFOPLIST_KEY_UILaunchStoryboardName = LaunchScreen;
				INFOPLIST_KEY_UIMainStoryboardFile = Main;
				INFOPLIST_KEY_UISupportedInterfaceOrientations_iPad = "UIInterfaceOrientationPortrait UIInterfaceOrientationPortraitUpsideDown UIInterfaceOrientationLandscapeLeft UIInterfaceOrientationLandscapeRight";
				INFOPLIST_KEY_UISupportedInterfaceOrientations_iPhone = "UIInterfaceOrientationPortrait UIInterfaceOrientationLandscapeLeft UIInterfaceOrientationLandscapeRight";
				LD_RUNPATH_SEARCH_PATHS = (
					"$(inherited)",
					"@executable_path/Frameworks",
				);
				MARKETING_VERSION = 1.0;
				PRODUCT_BUNDLE_IDENTIFIER = cc.xiaowe.XiaoweHealthy;
				PRODUCT_NAME = "$(TARGET_NAME)";
				SWIFT_EMIT_LOC_STRINGS = YES;
				SWIFT_VERSION = 5.0;
				TARGETED_DEVICE_FAMILY = 1;
			};
			name = Release;
		};
		9648E63927E0796E0077180D /* Debug */ = {
			isa = XCBuildConfiguration;
			baseConfigurationReference = 346308B1738C6E3283C6DDAB /* Pods-XiaoweHealthyTests.debug.xcconfig */;
			buildSettings = {
				ALWAYS_EMBED_SWIFT_STANDARD_LIBRARIES = YES;
				BUNDLE_LOADER = "$(TEST_HOST)";
				CODE_SIGN_STYLE = Automatic;
				CURRENT_PROJECT_VERSION = 1;
				GENERATE_INFOPLIST_FILE = YES;
				IPHONEOS_DEPLOYMENT_TARGET = 15.2;
				MARKETING_VERSION = 1.0;
				PRODUCT_BUNDLE_IDENTIFIER = cc.xiaowe.XiaoweHealthyTests;
				PRODUCT_NAME = "$(TARGET_NAME)";
				SWIFT_EMIT_LOC_STRINGS = NO;
				SWIFT_VERSION = 5.0;
				TARGETED_DEVICE_FAMILY = "1,2";
				TEST_HOST = "$(BUILT_PRODUCTS_DIR)/XiaoweHealthy.app/XiaoweHealthy";
			};
			name = Debug;
		};
		9648E63A27E0796E0077180D /* Release */ = {
			isa = XCBuildConfiguration;
			baseConfigurationReference = 95FEB00539882EA5F45C9693 /* Pods-XiaoweHealthyTests.release.xcconfig */;
			buildSettings = {
				ALWAYS_EMBED_SWIFT_STANDARD_LIBRARIES = YES;
				BUNDLE_LOADER = "$(TEST_HOST)";
				CODE_SIGN_STYLE = Automatic;
				CURRENT_PROJECT_VERSION = 1;
				GENERATE_INFOPLIST_FILE = YES;
				IPHONEOS_DEPLOYMENT_TARGET = 15.2;
				MARKETING_VERSION = 1.0;
				PRODUCT_BUNDLE_IDENTIFIER = cc.xiaowe.XiaoweHealthyTests;
				PRODUCT_NAME = "$(TARGET_NAME)";
				SWIFT_EMIT_LOC_STRINGS = NO;
				SWIFT_VERSION = 5.0;
				TARGETED_DEVICE_FAMILY = "1,2";
				TEST_HOST = "$(BUILT_PRODUCTS_DIR)/XiaoweHealthy.app/XiaoweHealthy";
			};
			name = Release;
		};
		9648E63C27E0796E0077180D /* Debug */ = {
			isa = XCBuildConfiguration;
			baseConfigurationReference = 9E36C9C5C621D98412D2473D /* Pods-XiaoweHealthy-XiaoweHealthyUITests.debug.xcconfig */;
			buildSettings = {
				ALWAYS_EMBED_SWIFT_STANDARD_LIBRARIES = YES;
				CODE_SIGN_STYLE = Automatic;
				CURRENT_PROJECT_VERSION = 1;
				GENERATE_INFOPLIST_FILE = YES;
				MARKETING_VERSION = 1.0;
				PRODUCT_BUNDLE_IDENTIFIER = cc.xiaowe.XiaoweHealthyUITests;
				PRODUCT_NAME = "$(TARGET_NAME)";
				SWIFT_EMIT_LOC_STRINGS = NO;
				SWIFT_VERSION = 5.0;
				TARGETED_DEVICE_FAMILY = "1,2";
				TEST_TARGET_NAME = XiaoweHealthy;
			};
			name = Debug;
		};
		9648E63D27E0796E0077180D /* Release */ = {
			isa = XCBuildConfiguration;
			baseConfigurationReference = 7B56A4371E144F6BDF14AD52 /* Pods-XiaoweHealthy-XiaoweHealthyUITests.release.xcconfig */;
			buildSettings = {
				ALWAYS_EMBED_SWIFT_STANDARD_LIBRARIES = YES;
				CODE_SIGN_STYLE = Automatic;
				CURRENT_PROJECT_VERSION = 1;
				GENERATE_INFOPLIST_FILE = YES;
				MARKETING_VERSION = 1.0;
				PRODUCT_BUNDLE_IDENTIFIER = cc.xiaowe.XiaoweHealthyUITests;
				PRODUCT_NAME = "$(TARGET_NAME)";
				SWIFT_EMIT_LOC_STRINGS = NO;
				SWIFT_VERSION = 5.0;
				TARGETED_DEVICE_FAMILY = "1,2";
				TEST_TARGET_NAME = XiaoweHealthy;
			};
			name = Release;
		};
/* End XCBuildConfiguration section */

/* Begin XCConfigurationList section */
		9648E60627E0796D0077180D /* Build configuration list for PBXProject "XiaoweHealthy" */ = {
			isa = XCConfigurationList;
			buildConfigurations = (
				9648E63327E0796E0077180D /* Debug */,
				9648E63427E0796E0077180D /* Release */,
			);
			defaultConfigurationIsVisible = 0;
			defaultConfigurationName = Release;
		};
		9648E63527E0796E0077180D /* Build configuration list for PBXNativeTarget "XiaoweHealthy" */ = {
			isa = XCConfigurationList;
			buildConfigurations = (
				9648E63627E0796E0077180D /* Debug */,
				9648E63727E0796E0077180D /* Release */,
			);
			defaultConfigurationIsVisible = 0;
			defaultConfigurationName = Release;
		};
		9648E63827E0796E0077180D /* Build configuration list for PBXNativeTarget "XiaoweHealthyTests" */ = {
			isa = XCConfigurationList;
			buildConfigurations = (
				9648E63927E0796E0077180D /* Debug */,
				9648E63A27E0796E0077180D /* Release */,
			);
			defaultConfigurationIsVisible = 0;
			defaultConfigurationName = Release;
		};
		9648E63B27E0796E0077180D /* Build configuration list for PBXNativeTarget "XiaoweHealthyUITests" */ = {
			isa = XCConfigurationList;
			buildConfigurations = (
				9648E63C27E0796E0077180D /* Debug */,
				9648E63D27E0796E0077180D /* Release */,
			);
			defaultConfigurationIsVisible = 0;
			defaultConfigurationName = Release;
		};
/* End XCConfigurationList section */
	};
	rootObject = 9648E60327E0796D0077180D /* Project object */;
}
